
Microsoft Visual Studio Solution File, Format Version 12.00
# Visual Studio Version 17
VisualStudioVersion = 17.10.34916.146
MinimumVisualStudioVersion = 10.0.40219.1
Project("{9A19103F-16F7-4668-BE54-9A1E7A4F7556}") = "AvaloniaApplication1", "AvaloniaApplication1\AvaloniaApplication1.csproj", "{62C1FAE2-842D-48AC-BDDE-C424E1DC8F57}"
EndProject
Project("{9A19103F-16F7-4668-BE54-9A1E7A4F7556}") = "AvaloniaApplication1.MediaPlayer", "AvaloniaApplication1.MediaPlayer\AvaloniaApplication1.MediaPlayer.csproj", "{D655861F-09C4-40BF-8B02-148AAF803EDE}"
EndProject
Project("{9A19103F-16F7-4668-BE54-9A1E7A4F7556}") = "AvaloniaApplication1.MediaPlayer.Mpv", "AvaloniaApplication1.MediaPlayer.Mpv\AvaloniaApplication1.MediaPlayer.Mpv.csproj", "{48DD0CBD-7C5B-4130-BEFB-3E6F426B197D}"
EndProject
Project("{9A19103F-16F7-4668-BE54-9A1E7A4F7556}") = "AvaloniaApplication2", "AvaloniaApplication2\AvaloniaApplication2.csproj", "{7F53484B-075F-445B-BD3D-6690087EF91E}"
EndProject
Project("{9A19103F-16F7-4668-BE54-9A1E7A4F7556}") = "AvaloniaApplication2.Desktop", "AvaloniaApplication2.Desktop\AvaloniaApplication2.Desktop.csproj", "{8CE776C2-881F-44CA-A99C-BC1CC297A487}"
EndProject
Project("{FAE04EC0-301F-11D3-BF4B-00C04F79EFBC}") = "AvaloniaApplication2.LibMpv.Avalonia", "AvaloniaApplication2.LibMpv.Avalonia\AvaloniaApplication2.LibMpv.Avalonia.csproj", "{EDA8776A-6E48-4048-AF03-76F3DA5590B4}"
EndProject
Project("{FAE04EC0-301F-11D3-BF4B-00C04F79EFBC}") = "AvaloniaApplication2.LibMpv.Client", "AvaloniaApplication2.LibMpv.Client\AvaloniaApplication2.LibMpv.Client.csproj", "{05A22632-F546-4831-854A-07B031779940}"
EndProject
Project("{FAE04EC0-301F-11D3-BF4B-00C04F79EFBC}") = "AvaloniaApplication2.LibMpv.MVVM", "AvaloniaApplication2.LibMpv.MVVM\AvaloniaApplication2.LibMpv.MVVM.csproj", "{CBE00A7A-15CF-4FBB-B4DB-2572F945379C}"
EndProject
Global
	GlobalSection(SolutionConfigurationPlatforms) = preSolution
		Debug|Any CPU = Debug|Any CPU
		Release|Any CPU = Release|Any CPU
	EndGlobalSection
	GlobalSection(ProjectConfigurationPlatforms) = postSolution
		{62C1FAE2-842D-48AC-BDDE-C424E1DC8F57}.Debug|Any CPU.ActiveCfg = Debug|Any CPU
		{62C1FAE2-842D-48AC-BDDE-C424E1DC8F57}.Debug|Any CPU.Build.0 = Debug|Any CPU
		{62C1FAE2-842D-48AC-BDDE-C424E1DC8F57}.Release|Any CPU.ActiveCfg = Release|Any CPU
		{62C1FAE2-842D-48AC-BDDE-C424E1DC8F57}.Release|Any CPU.Build.0 = Release|Any CPU
		{D655861F-09C4-40BF-8B02-148AAF803EDE}.Debug|Any CPU.ActiveCfg = Debug|Any CPU
		{D655861F-09C4-40BF-8B02-148AAF803EDE}.Debug|Any CPU.Build.0 = Debug|Any CPU
		{D655861F-09C4-40BF-8B02-148AAF803EDE}.Release|Any CPU.ActiveCfg = Release|Any CPU
		{D655861F-09C4-40BF-8B02-148AAF803EDE}.Release|Any CPU.Build.0 = Release|Any CPU
		{48DD0CBD-7C5B-4130-BEFB-3E6F426B197D}.Debug|Any CPU.ActiveCfg = Debug|Any CPU
		{48DD0CBD-7C5B-4130-BEFB-3E6F426B197D}.Debug|Any CPU.Build.0 = Debug|Any CPU
		{48DD0CBD-7C5B-4130-BEFB-3E6F426B197D}.Release|Any CPU.ActiveCfg = Release|Any CPU
		{48DD0CBD-7C5B-4130-BEFB-3E6F426B197D}.Release|Any CPU.Build.0 = Release|Any CPU
		{7F53484B-075F-445B-BD3D-6690087EF91E}.Debug|Any CPU.ActiveCfg = Debug|Any CPU
		{7F53484B-075F-445B-BD3D-6690087EF91E}.Debug|Any CPU.Build.0 = Debug|Any CPU
		{7F53484B-075F-445B-BD3D-6690087EF91E}.Release|Any CPU.ActiveCfg = Release|Any CPU
		{7F53484B-075F-445B-BD3D-6690087EF91E}.Release|Any CPU.Build.0 = Release|Any CPU
		{8CE776C2-881F-44CA-A99C-BC1CC297A487}.Debug|Any CPU.ActiveCfg = Debug|Any CPU
		{8CE776C2-881F-44CA-A99C-BC1CC297A487}.Debug|Any CPU.Build.0 = Debug|Any CPU
		{8CE776C2-881F-44CA-A99C-BC1CC297A487}.Release|Any CPU.ActiveCfg = Release|Any CPU
		{8CE776C2-881F-44CA-A99C-BC1CC297A487}.Release|Any CPU.Build.0 = Release|Any CPU
		{EDA8776A-6E48-4048-AF03-76F3DA5590B4}.Debug|Any CPU.ActiveCfg = Debug|Any CPU
		{EDA8776A-6E48-4048-AF03-76F3DA5590B4}.Debug|Any CPU.Build.0 = Debug|Any CPU
		{EDA8776A-6E48-4048-AF03-76F3DA5590B4}.Release|Any CPU.ActiveCfg = Release|Any CPU
		{EDA8776A-6E48-4048-AF03-76F3DA5590B4}.Release|Any CPU.Build.0 = Release|Any CPU
		{05A22632-F546-4831-854A-07B031779940}.Debug|Any CPU.ActiveCfg = Debug|Any CPU
		{05A22632-F546-4831-854A-07B031779940}.Debug|Any CPU.Build.0 = Debug|Any CPU
		{05A22632-F546-4831-854A-07B031779940}.Release|Any CPU.ActiveCfg = Release|Any CPU
		{05A22632-F546-4831-854A-07B031779940}.Release|Any CPU.Build.0 = Release|Any CPU
		{CBE00A7A-15CF-4FBB-B4DB-2572F945379C}.Debug|Any CPU.ActiveCfg = Debug|Any CPU
		{CBE00A7A-15CF-4FBB-B4DB-2572F945379C}.Debug|Any CPU.Build.0 = Debug|Any CPU
		{CBE00A7A-15CF-4FBB-B4DB-2572F945379C}.Release|Any CPU.ActiveCfg = Release|Any CPU
		{CBE00A7A-15CF-4FBB-B4DB-2572F945379C}.Release|Any CPU.Build.0 = Release|Any CPU
	EndGlobalSection
	GlobalSection(SolutionProperties) = preSolution
		HideSolutionNode = FALSE
	EndGlobalSection
	GlobalSection(ExtensibilityGlobals) = postSolution
		SolutionGuid = {19746505-2624-455E-A993-9437CA5D7E6D}
	EndGlobalSection
EndGlobal
